
Microsoft Visual Studio Solution File, Format Version 12.00
# Visual Studio 15
VisualStudioVersion = 15.0.27703.2047
MinimumVisualStudioVersion = 10.0.40219.1
Project("{FAE04EC0-301F-11D3-BF4B-00C04F79EFBC}") = "indexes", "indexes\indexes.csproj", "{5256515C-2D10-42FA-A42C-302D00563613}"
EndProject
Global
	GlobalSection(SolutionConfigurationPlatforms) = preSolution
		Debug|Any CPU = Debug|Any CPU
		Release|Any CPU = Release|Any CPU
	EndGlobalSection
	GlobalSection(ProjectConfigurationPlatforms) = postSolution
		{5256515C-2D10-42FA-A42C-302D00563613}.Debug|Any CPU.ActiveCfg = Debug|Any CPU
		{5256515C-2D10-42FA-A42C-302D00563613}.Debug|Any CPU.Build.0 = Debug|Any CPU
		{5256515C-2D10-42FA-A42C-302D00563613}.Release|Any CPU.ActiveCfg = Release|Any CPU
		{5256515C-2D10-42FA-A42C-302D00563613}.Release|Any CPU.Build.0 = Release|Any CPU
	EndGlobalSection
	GlobalSection(SolutionProperties) = preSolution
		HideSolutionNode = FALSE
	EndGlobalSection
	GlobalSection(ExtensibilityGlobals) = postSolution
		SolutionGuid = {744F7CE4-4246-42E7-B049-FDF1F7640219}
	EndGlobalSection
EndGlobal
